
Microsoft Visual Studio Solution File, Format Version 12.00
# Visual Studio Version 17
VisualStudioVersion = 17.1.32407.343
MinimumVisualStudioVersion = 10.0.40219.1
Project("{2150E333-8FDC-42A3-9474-1A3956D46DE8}") = "src", "src", "{10A2813D-C970-4F6F-9A59-94F7C972257F}"
EndProject
Project("{2150E333-8FDC-42A3-9474-1A3956D46DE8}") = "build", "build", "{C4C50D71-6AAC-45A9-9257-5D02A42B61DC}"
	ProjectSection(SolutionItems) = preProject
		build\version.json = build\version.json
	EndProjectSection
EndProject
Project("{2150E333-8FDC-42A3-9474-1A3956D46DE8}") = "common", "common", "{0390FA5C-0123-44B7-A7E9-794A9582CD41}"
	ProjectSection(SolutionItems) = preProject
		.gitignore = .gitignore
		build.cake = build.cake
		Directory.Build.props = Directory.Build.props
		Directory.Build.targets = Directory.Build.targets
		Directory.Packages.props = Directory.Packages.props
		LICENSE = LICENSE
		README.md = README.md
		AGENTS.md = AGENTS.md
	EndProjectSection
EndProject
Project("{2150E333-8FDC-42A3-9474-1A3956D46DE8}") = "test", "test", "{ADFADB4B-0729-40E6-B241-6E1B89A8731C}"
EndProject
Project("{2150E333-8FDC-42A3-9474-1A3956D46DE8}") = "samples", "samples", "{9EC81ADF-5CE2-4140-96BC-958CB9E0365C}"
EndProject
Project("{FAE04EC0-301F-11D3-BF4B-00C04F79EFBC}") = "Jaahas.WriteAheadLog.FileSystem", "src\Jaahas.WriteAheadLog.FileSystem\Jaahas.WriteAheadLog.FileSystem.csproj", "{D5F442BF-0969-4AF7-AD67-122D3F3C21A4}"
EndProject
Project("{FAE04EC0-301F-11D3-BF4B-00C04F79EFBC}") = "Jaahas.WriteAheadLog.UnitTests", "test\Jaahas.WriteAheadLog.UnitTests\Jaahas.WriteAheadLog.UnitTests.csproj", "{B2D68393-F9AA-47F8-8265-7F77F5A16426}"
EndProject
Project("{FAE04EC0-301F-11D3-BF4B-00C04F79EFBC}") = "Jaahas.WriteAheadLog.Benchmarks", "test\Jaahas.WriteAheadLog.Benchmarks\Jaahas.WriteAheadLog.Benchmarks.csproj", "{7BB514E7-3F7E-4467-8BF9-5E9BB95F3532}"
EndProject
Project("{FAE04EC0-301F-11D3-BF4B-00C04F79EFBC}") = "Jaahas.WriteAheadLog.Grpc.Server", "src\Jaahas.WriteAheadLog.Grpc.Server\Jaahas.WriteAheadLog.Grpc.Server.csproj", "{954D2C3E-0BE6-41E1-8195-1324ED6E0D43}"
EndProject
Project("{FAE04EC0-301F-11D3-BF4B-00C04F79EFBC}") = "Jaahas.WriteAheadLog.Grpc", "src\Jaahas.WriteAheadLog.Grpc\Jaahas.WriteAheadLog.Grpc.csproj", "{2C2CF5F8-E5AE-491C-9017-C4F33EB65FF2}"
EndProject
Project("{FAE04EC0-301F-11D3-BF4B-00C04F79EFBC}") = "GrpcLogServer", "samples\GrpcLogServer\GrpcLogServer.csproj", "{7FDEA709-487F-4037-A04C-EC546667585A}"
EndProject
Project("{FAE04EC0-301F-11D3-BF4B-00C04F79EFBC}") = "GrpcLogClient", "samples\GrpcLogClient\GrpcLogClient.csproj", "{572228C1-F3E2-4B93-BAD6-933FD5429A65}"
EndProject
Project("{FAE04EC0-301F-11D3-BF4B-00C04F79EFBC}") = "Jaahas.WriteAheadLog", "src\Jaahas.WriteAheadLog\Jaahas.WriteAheadLog.csproj", "{B0544B92-3593-4A3B-ACAD-F95DCAE51A2B}"
EndProject
Project("{FAE04EC0-301F-11D3-BF4B-00C04F79EFBC}") = "Jaahas.WriteAheadLog.Abstractions", "src\Jaahas.WriteAheadLog.Abstractions\Jaahas.WriteAheadLog.Abstractions.csproj", "{63DC5CB1-EF0A-4AC3-8128-11FEA10F03F8}"
EndProject
Project("{FAE04EC0-301F-11D3-BF4B-00C04F79EFBC}") = "Jaahas.WriteAheadLog.Grpc.Client", "src\Jaahas.WriteAheadLog.Grpc.Client\Jaahas.WriteAheadLog.Grpc.Client.csproj", "{C7ECE73B-C570-42E0-B3A8-AD72B1C59896}"
EndProject
Global
	GlobalSection(SolutionConfigurationPlatforms) = preSolution
		Debug|Any CPU = Debug|Any CPU
		Debug|x64 = Debug|x64
		Debug|x86 = Debug|x86
		Release|Any CPU = Release|Any CPU
		Release|x64 = Release|x64
		Release|x86 = Release|x86
	EndGlobalSection
	GlobalSection(ProjectConfigurationPlatforms) = postSolution
		{D5F442BF-0969-4AF7-AD67-122D3F3C21A4}.Debug|Any CPU.ActiveCfg = Debug|Any CPU
		{D5F442BF-0969-4AF7-AD67-122D3F3C21A4}.Debug|Any CPU.Build.0 = Debug|Any CPU
		{D5F442BF-0969-4AF7-AD67-122D3F3C21A4}.Debug|x64.ActiveCfg = Debug|Any CPU
		{D5F442BF-0969-4AF7-AD67-122D3F3C21A4}.Debug|x64.Build.0 = Debug|Any CPU
		{D5F442BF-0969-4AF7-AD67-122D3F3C21A4}.Debug|x86.ActiveCfg = Debug|Any CPU
		{D5F442BF-0969-4AF7-AD67-122D3F3C21A4}.Debug|x86.Build.0 = Debug|Any CPU
		{D5F442BF-0969-4AF7-AD67-122D3F3C21A4}.Release|Any CPU.ActiveCfg = Release|Any CPU
		{D5F442BF-0969-4AF7-AD67-122D3F3C21A4}.Release|Any CPU.Build.0 = Release|Any CPU
		{D5F442BF-0969-4AF7-AD67-122D3F3C21A4}.Release|x64.ActiveCfg = Release|Any CPU
		{D5F442BF-0969-4AF7-AD67-122D3F3C21A4}.Release|x64.Build.0 = Release|Any CPU
		{D5F442BF-0969-4AF7-AD67-122D3F3C21A4}.Release|x86.ActiveCfg = Release|Any CPU
		{D5F442BF-0969-4AF7-AD67-122D3F3C21A4}.Release|x86.Build.0 = Release|Any CPU
		{B2D68393-F9AA-47F8-8265-7F77F5A16426}.Debug|Any CPU.ActiveCfg = Debug|Any CPU
		{B2D68393-F9AA-47F8-8265-7F77F5A16426}.Debug|Any CPU.Build.0 = Debug|Any CPU
		{B2D68393-F9AA-47F8-8265-7F77F5A16426}.Debug|x64.ActiveCfg = Debug|Any CPU
		{B2D68393-F9AA-47F8-8265-7F77F5A16426}.Debug|x64.Build.0 = Debug|Any CPU
		{B2D68393-F9AA-47F8-8265-7F77F5A16426}.Debug|x86.ActiveCfg = Debug|Any CPU
		{B2D68393-F9AA-47F8-8265-7F77F5A16426}.Debug|x86.Build.0 = Debug|Any CPU
		{B2D68393-F9AA-47F8-8265-7F77F5A16426}.Release|Any CPU.ActiveCfg = Release|Any CPU
		{B2D68393-F9AA-47F8-8265-7F77F5A16426}.Release|Any CPU.Build.0 = Release|Any CPU
		{B2D68393-F9AA-47F8-8265-7F77F5A16426}.Release|x64.ActiveCfg = Release|Any CPU
		{B2D68393-F9AA-47F8-8265-7F77F5A16426}.Release|x64.Build.0 = Release|Any CPU
		{B2D68393-F9AA-47F8-8265-7F77F5A16426}.Release|x86.ActiveCfg = Release|Any CPU
		{B2D68393-F9AA-47F8-8265-7F77F5A16426}.Release|x86.Build.0 = Release|Any CPU
		{7BB514E7-3F7E-4467-8BF9-5E9BB95F3532}.Debug|Any CPU.ActiveCfg = Debug|Any CPU
		{7BB514E7-3F7E-4467-8BF9-5E9BB95F3532}.Debug|Any CPU.Build.0 = Debug|Any CPU
		{7BB514E7-3F7E-4467-8BF9-5E9BB95F3532}.Debug|x64.ActiveCfg = Debug|Any CPU
		{7BB514E7-3F7E-4467-8BF9-5E9BB95F3532}.Debug|x64.Build.0 = Debug|Any CPU
		{7BB514E7-3F7E-4467-8BF9-5E9BB95F3532}.Debug|x86.ActiveCfg = Debug|Any CPU
		{7BB514E7-3F7E-4467-8BF9-5E9BB95F3532}.Debug|x86.Build.0 = Debug|Any CPU
		{7BB514E7-3F7E-4467-8BF9-5E9BB95F3532}.Release|Any CPU.ActiveCfg = Release|Any CPU
		{7BB514E7-3F7E-4467-8BF9-5E9BB95F3532}.Release|Any CPU.Build.0 = Release|Any CPU
		{7BB514E7-3F7E-4467-8BF9-5E9BB95F3532}.Release|x64.ActiveCfg = Release|Any CPU
		{7BB514E7-3F7E-4467-8BF9-5E9BB95F3532}.Release|x64.Build.0 = Release|Any CPU
		{7BB514E7-3F7E-4467-8BF9-5E9BB95F3532}.Release|x86.ActiveCfg = Release|Any CPU
		{7BB514E7-3F7E-4467-8BF9-5E9BB95F3532}.Release|x86.Build.0 = Release|Any CPU
		{954D2C3E-0BE6-41E1-8195-1324ED6E0D43}.Debug|Any CPU.ActiveCfg = Debug|Any CPU
		{954D2C3E-0BE6-41E1-8195-1324ED6E0D43}.Debug|Any CPU.Build.0 = Debug|Any CPU
		{954D2C3E-0BE6-41E1-8195-1324ED6E0D43}.Debug|x64.ActiveCfg = Debug|Any CPU
		{954D2C3E-0BE6-41E1-8195-1324ED6E0D43}.Debug|x64.Build.0 = Debug|Any CPU
		{954D2C3E-0BE6-41E1-8195-1324ED6E0D43}.Debug|x86.ActiveCfg = Debug|Any CPU
		{954D2C3E-0BE6-41E1-8195-1324ED6E0D43}.Debug|x86.Build.0 = Debug|Any CPU
		{954D2C3E-0BE6-41E1-8195-1324ED6E0D43}.Release|Any CPU.ActiveCfg = Release|Any CPU
		{954D2C3E-0BE6-41E1-8195-1324ED6E0D43}.Release|Any CPU.Build.0 = Release|Any CPU
		{954D2C3E-0BE6-41E1-8195-1324ED6E0D43}.Release|x64.ActiveCfg = Release|Any CPU
		{954D2C3E-0BE6-41E1-8195-1324ED6E0D43}.Release|x64.Build.0 = Release|Any CPU
		{954D2C3E-0BE6-41E1-8195-1324ED6E0D43}.Release|x86.ActiveCfg = Release|Any CPU
		{954D2C3E-0BE6-41E1-8195-1324ED6E0D43}.Release|x86.Build.0 = Release|Any CPU
		{2C2CF5F8-E5AE-491C-9017-C4F33EB65FF2}.Debug|Any CPU.ActiveCfg = Debug|Any CPU
		{2C2CF5F8-E5AE-491C-9017-C4F33EB65FF2}.Debug|Any CPU.Build.0 = Debug|Any CPU
		{2C2CF5F8-E5AE-491C-9017-C4F33EB65FF2}.Debug|x64.ActiveCfg = Debug|Any CPU
		{2C2CF5F8-E5AE-491C-9017-C4F33EB65FF2}.Debug|x64.Build.0 = Debug|Any CPU
		{2C2CF5F8-E5AE-491C-9017-C4F33EB65FF2}.Debug|x86.ActiveCfg = Debug|Any CPU
		{2C2CF5F8-E5AE-491C-9017-C4F33EB65FF2}.Debug|x86.Build.0 = Debug|Any CPU
		{2C2CF5F8-E5AE-491C-9017-C4F33EB65FF2}.Release|Any CPU.ActiveCfg = Release|Any CPU
		{2C2CF5F8-E5AE-491C-9017-C4F33EB65FF2}.Release|Any CPU.Build.0 = Release|Any CPU
		{2C2CF5F8-E5AE-491C-9017-C4F33EB65FF2}.Release|x64.ActiveCfg = Release|Any CPU
		{2C2CF5F8-E5AE-491C-9017-C4F33EB65FF2}.Release|x64.Build.0 = Release|Any CPU
		{2C2CF5F8-E5AE-491C-9017-C4F33EB65FF2}.Release|x86.ActiveCfg = Release|Any CPU
		{2C2CF5F8-E5AE-491C-9017-C4F33EB65FF2}.Release|x86.Build.0 = Release|Any CPU
		{7FDEA709-487F-4037-A04C-EC546667585A}.Debug|Any CPU.ActiveCfg = Debug|Any CPU
		{7FDEA709-487F-4037-A04C-EC546667585A}.Debug|Any CPU.Build.0 = Debug|Any CPU
		{7FDEA709-487F-4037-A04C-EC546667585A}.Debug|x64.ActiveCfg = Debug|Any CPU
		{7FDEA709-487F-4037-A04C-EC546667585A}.Debug|x64.Build.0 = Debug|Any CPU
		{7FDEA709-487F-4037-A04C-EC546667585A}.Debug|x86.ActiveCfg = Debug|Any CPU
		{7FDEA709-487F-4037-A04C-EC546667585A}.Debug|x86.Build.0 = Debug|Any CPU
		{7FDEA709-487F-4037-A04C-EC546667585A}.Release|Any CPU.ActiveCfg = Release|Any CPU
		{7FDEA709-487F-4037-A04C-EC546667585A}.Release|Any CPU.Build.0 = Release|Any CPU
		{7FDEA709-487F-4037-A04C-EC546667585A}.Release|x64.ActiveCfg = Release|Any CPU
		{7FDEA709-487F-4037-A04C-EC546667585A}.Release|x64.Build.0 = Release|Any CPU
		{7FDEA709-487F-4037-A04C-EC546667585A}.Release|x86.ActiveCfg = Release|Any CPU
		{7FDEA709-487F-4037-A04C-EC546667585A}.Release|x86.Build.0 = Release|Any CPU
		{572228C1-F3E2-4B93-BAD6-933FD5429A65}.Debug|Any CPU.ActiveCfg = Debug|Any CPU
		{572228C1-F3E2-4B93-BAD6-933FD5429A65}.Debug|Any CPU.Build.0 = Debug|Any CPU
		{572228C1-F3E2-4B93-BAD6-933FD5429A65}.Debug|x64.ActiveCfg = Debug|Any CPU
		{572228C1-F3E2-4B93-BAD6-933FD5429A65}.Debug|x64.Build.0 = Debug|Any CPU
		{572228C1-F3E2-4B93-BAD6-933FD5429A65}.Debug|x86.ActiveCfg = Debug|Any CPU
		{572228C1-F3E2-4B93-BAD6-933FD5429A65}.Debug|x86.Build.0 = Debug|Any CPU
		{572228C1-F3E2-4B93-BAD6-933FD5429A65}.Release|Any CPU.ActiveCfg = Release|Any CPU
		{572228C1-F3E2-4B93-BAD6-933FD5429A65}.Release|Any CPU.Build.0 = Release|Any CPU
		{572228C1-F3E2-4B93-BAD6-933FD5429A65}.Release|x64.ActiveCfg = Release|Any CPU
		{572228C1-F3E2-4B93-BAD6-933FD5429A65}.Release|x64.Build.0 = Release|Any CPU
		{572228C1-F3E2-4B93-BAD6-933FD5429A65}.Release|x86.ActiveCfg = Release|Any CPU
		{572228C1-F3E2-4B93-BAD6-933FD5429A65}.Release|x86.Build.0 = Release|Any CPU
		{B0544B92-3593-4A3B-ACAD-F95DCAE51A2B}.Debug|Any CPU.ActiveCfg = Debug|Any CPU
		{B0544B92-3593-4A3B-ACAD-F95DCAE51A2B}.Debug|Any CPU.Build.0 = Debug|Any CPU
		{B0544B92-3593-4A3B-ACAD-F95DCAE51A2B}.Debug|x64.ActiveCfg = Debug|Any CPU
		{B0544B92-3593-4A3B-ACAD-F95DCAE51A2B}.Debug|x64.Build.0 = Debug|Any CPU
		{B0544B92-3593-4A3B-ACAD-F95DCAE51A2B}.Debug|x86.ActiveCfg = Debug|Any CPU
		{B0544B92-3593-4A3B-ACAD-F95DCAE51A2B}.Debug|x86.Build.0 = Debug|Any CPU
		{B0544B92-3593-4A3B-ACAD-F95DCAE51A2B}.Release|Any CPU.ActiveCfg = Release|Any CPU
		{B0544B92-3593-4A3B-ACAD-F95DCAE51A2B}.Release|Any CPU.Build.0 = Release|Any CPU
		{B0544B92-3593-4A3B-ACAD-F95DCAE51A2B}.Release|x64.ActiveCfg = Release|Any CPU
		{B0544B92-3593-4A3B-ACAD-F95DCAE51A2B}.Release|x64.Build.0 = Release|Any CPU
		{B0544B92-3593-4A3B-ACAD-F95DCAE51A2B}.Release|x86.ActiveCfg = Release|Any CPU
		{B0544B92-3593-4A3B-ACAD-F95DCAE51A2B}.Release|x86.Build.0 = Release|Any CPU
		{63DC5CB1-EF0A-4AC3-8128-11FEA10F03F8}.Debug|Any CPU.ActiveCfg = Debug|Any CPU
		{63DC5CB1-EF0A-4AC3-8128-11FEA10F03F8}.Debug|Any CPU.Build.0 = Debug|Any CPU
		{63DC5CB1-EF0A-4AC3-8128-11FEA10F03F8}.Debug|x64.ActiveCfg = Debug|Any CPU
		{63DC5CB1-EF0A-4AC3-8128-11FEA10F03F8}.Debug|x64.Build.0 = Debug|Any CPU
		{63DC5CB1-EF0A-4AC3-8128-11FEA10F03F8}.Debug|x86.ActiveCfg = Debug|Any CPU
		{63DC5CB1-EF0A-4AC3-8128-11FEA10F03F8}.Debug|x86.Build.0 = Debug|Any CPU
		{63DC5CB1-EF0A-4AC3-8128-11FEA10F03F8}.Release|Any CPU.ActiveCfg = Release|Any CPU
		{63DC5CB1-EF0A-4AC3-8128-11FEA10F03F8}.Release|Any CPU.Build.0 = Release|Any CPU
		{63DC5CB1-EF0A-4AC3-8128-11FEA10F03F8}.Release|x64.ActiveCfg = Release|Any CPU
		{63DC5CB1-EF0A-4AC3-8128-11FEA10F03F8}.Release|x64.Build.0 = Release|Any CPU
		{63DC5CB1-EF0A-4AC3-8128-11FEA10F03F8}.Release|x86.ActiveCfg = Release|Any CPU
		{63DC5CB1-EF0A-4AC3-8128-11FEA10F03F8}.Release|x86.Build.0 = Release|Any CPU
		{C7ECE73B-C570-42E0-B3A8-AD72B1C59896}.Debug|Any CPU.ActiveCfg = Debug|Any CPU
		{C7ECE73B-C570-42E0-B3A8-AD72B1C59896}.Debug|Any CPU.Build.0 = Debug|Any CPU
		{C7ECE73B-C570-42E0-B3A8-AD72B1C59896}.Debug|x64.ActiveCfg = Debug|Any CPU
		{C7ECE73B-C570-42E0-B3A8-AD72B1C59896}.Debug|x64.Build.0 = Debug|Any CPU
		{C7ECE73B-C570-42E0-B3A8-AD72B1C59896}.Debug|x86.ActiveCfg = Debug|Any CPU
		{C7ECE73B-C570-42E0-B3A8-AD72B1C59896}.Debug|x86.Build.0 = Debug|Any CPU
		{C7ECE73B-C570-42E0-B3A8-AD72B1C59896}.Release|Any CPU.ActiveCfg = Release|Any CPU
		{C7ECE73B-C570-42E0-B3A8-AD72B1C59896}.Release|Any CPU.Build.0 = Release|Any CPU
		{C7ECE73B-C570-42E0-B3A8-AD72B1C59896}.Release|x64.ActiveCfg = Release|Any CPU
		{C7ECE73B-C570-42E0-B3A8-AD72B1C59896}.Release|x64.Build.0 = Release|Any CPU
		{C7ECE73B-C570-42E0-B3A8-AD72B1C59896}.Release|x86.ActiveCfg = Release|Any CPU
		{C7ECE73B-C570-42E0-B3A8-AD72B1C59896}.Release|x86.Build.0 = Release|Any CPU
	EndGlobalSection
	GlobalSection(SolutionProperties) = preSolution
		HideSolutionNode = FALSE
	EndGlobalSection
	GlobalSection(NestedProjects) = preSolution
		{D5F442BF-0969-4AF7-AD67-122D3F3C21A4} = {10A2813D-C970-4F6F-9A59-94F7C972257F}
		{B2D68393-F9AA-47F8-8265-7F77F5A16426} = {ADFADB4B-0729-40E6-B241-6E1B89A8731C}
		{7BB514E7-3F7E-4467-8BF9-5E9BB95F3532} = {ADFADB4B-0729-40E6-B241-6E1B89A8731C}
		{954D2C3E-0BE6-41E1-8195-1324ED6E0D43} = {10A2813D-C970-4F6F-9A59-94F7C972257F}
		{2C2CF5F8-E5AE-491C-9017-C4F33EB65FF2} = {10A2813D-C970-4F6F-9A59-94F7C972257F}
		{7FDEA709-487F-4037-A04C-EC546667585A} = {9EC81ADF-5CE2-4140-96BC-958CB9E0365C}
		{572228C1-F3E2-4B93-BAD6-933FD5429A65} = {9EC81ADF-5CE2-4140-96BC-958CB9E0365C}
		{B0544B92-3593-4A3B-ACAD-F95DCAE51A2B} = {10A2813D-C970-4F6F-9A59-94F7C972257F}
		{63DC5CB1-EF0A-4AC3-8128-11FEA10F03F8} = {10A2813D-C970-4F6F-9A59-94F7C972257F}
		{C7ECE73B-C570-42E0-B3A8-AD72B1C59896} = {10A2813D-C970-4F6F-9A59-94F7C972257F}
	EndGlobalSection
	GlobalSection(ExtensibilityGlobals) = postSolution
		SolutionGuid = {94DF2EE3-033D-46CD-9EC3-7BC808B13372}
	EndGlobalSection
EndGlobal
